{
  "name": "simple-starter-kit",
  "version": "1.0.0",
  "lockfileVersion": 1,
  "requires": true,
  "dependencies": {
    "dir-check": {
      "version": "1.0.0",
      "resolved": "https://registry.npmjs.org/dir-check/-/dir-check-1.0.0.tgz",
      "integrity": "sha1-gn9KQ/DOpVnwH8idIAHDMUK6TCo="
    },
    "dir-copy": {
      "version": "1.0.0",
      "resolved": "https://registry.npmjs.org/dir-copy/-/dir-copy-1.0.0.tgz",
      "integrity": "sha1-/BqF0Sx0XstPIShOecDeKA9wYTA="
    },
    "file-check": {
      "version": "1.0.0",
      "resolved": "https://registry.npmjs.org/file-check/-/file-check-1.0.0.tgz",
      "integrity": "sha1-lkttEKaBK7GraJX2SCBgBiwBDhc="
    },
    "file-copy": {
      "version": "1.0.0",
      "resolved": "https://registry.npmjs.org/file-copy/-/file-copy-1.0.0.tgz",
      "integrity": "sha1-XIWDQQXPputSCkMaxPw2/4wROEA="
    },
    "fs-copy": {
      "version": "1.0.0",
      "resolved": "https://registry.npmjs.org/fs-copy/-/fs-copy-1.0.0.tgz",
      "integrity": "sha1-YgKZZ67wlw/hP4gVPEBQhaQuI/Q=",
      "requires": {
        "dir-check": "^1.0.0",
        "dir-copy": "^1.0.0",
        "file-check": "^1.0.0",
        "file-copy": "^1.0.0"
      }
    }
  }
}
